
Microsoft Visual Studio Solution File, Format Version 12.00
# Visual Studio Version 16
VisualStudioVersion = 16.0.32126.315
MinimumVisualStudioVersion = 10.0.40219.1
Project("{8BC9CEB8-8B4A-11D0-8D11-00A0C91BC942}") = "Project2", "Project2.vcxproj", "{A39502B6-4F09-497A-98F1-E0CA593CD189}"
EndProject
Global
	GlobalSection(SolutionConfigurationPlatforms) = preSolution
		Debug|x64 = Debug|x64
		Debug|x86 = Debug|x86
		Release|x64 = Release|x64
		Release|x86 = Release|x86
	EndGlobalSection
	GlobalSection(ProjectConfigurationPlatforms) = postSolution
		{A39502B6-4F09-497A-98F1-E0CA593CD189}.Debug|x64.ActiveCfg = Debug|x64
		{A39502B6-4F09-497A-98F1-E0CA593CD189}.Debug|x64.Build.0 = Debug|x64
		{A39502B6-4F09-497A-98F1-E0CA593CD189}.Debug|x86.ActiveCfg = Debug|Win32
		{A39502B6-4F09-497A-98F1-E0CA593CD189}.Debug|x86.Build.0 = Debug|Win32
		{A39502B6-4F09-497A-98F1-E0CA593CD189}.Release|x64.ActiveCfg = Release|x64
		{A39502B6-4F09-497A-98F1-E0CA593CD189}.Release|x64.Build.0 = Release|x64
		{A39502B6-4F09-497A-98F1-E0CA593CD189}.Release|x86.ActiveCfg = Release|Win32
		{A39502B6-4F09-497A-98F1-E0CA593CD189}.Release|x86.Build.0 = Release|Win32
	EndGlobalSection
	GlobalSection(SolutionProperties) = preSolution
		HideSolutionNode = FALSE
	EndGlobalSection
	GlobalSection(ExtensibilityGlobals) = postSolution
		SolutionGuid = {B5451291-5748-49EA-95AF-727AD421981F}
	EndGlobalSection
EndGlobal
